// !$*UTF8*$!
{
	archiveVersion = 1;
	classes = {
	};
	objectVersion = 77;
	objects = {

/* Begin PBXContainerItemProxy section */
		D64D0A412CC5DE6C00C9B162 /* PBXContainerItemProxy */ = {
			isa = PBXContainerItemProxy;
			containerPortal = D64D0A242CC5DE6B00C9B162 /* Project object */;
			proxyType = 1;
			remoteGlobalIDString = D64D0A2B2CC5DE6B00C9B162;
			remoteInfo = DeadlyDetroit;
		};
		D64D0A4B2CC5DE6C00C9B162 /* PBXContainerItemProxy */ = {
			isa = PBXContainerItemProxy;
			containerPortal = D64D0A242CC5DE6B00C9B162 /* Project object */;
			proxyType = 1;
			remoteGlobalIDString = D64D0A2B2CC5DE6B00C9B162;
			remoteInfo = DeadlyDetroit;
		};
/* End PBXContainerItemProxy section */

/* Begin PBXFileReference section */
		D64D0A2C2CC5DE6B00C9B162 /* DeadlyDetroit.app */ = {isa = PBXFileReference; explicitFileType = wrapper.application; includeInIndex = 0; path = DeadlyDetroit.app; sourceTree = BUILT_PRODUCTS_DIR; };
		D64D0A402CC5DE6C00C9B162 /* DeadlyDetroitTests.xctest */ = {isa = PBXFileReference; explicitFileType = wrapper.cfbundle; includeInIndex = 0; path = DeadlyDetroitTests.xctest; sourceTree = BUILT_PRODUCTS_DIR; };
		D64D0A4A2CC5DE6C00C9B162 /* DeadlyDetroitUITests.xctest */ = {isa = PBXFileReference; explicitFileType = wrapper.cfbundle; includeInIndex = 0; path = DeadlyDetroitUITests.xctest; sourceTree = BUILT_PRODUCTS_DIR; };
/* End PBXFileReference section */

/* Begin PBXFileSystemSynchronizedBuildFileExceptionSet section */
		D64D0A522CC5DE6C00C9B162 /* Exceptions for "DeadlyDetroit" folder in "DeadlyDetroit" target */ = {
			isa = PBXFileSystemSynchronizedBuildFileExceptionSet;
			membershipExceptions = (
				Info.plist,
			);
			target = D64D0A2B2CC5DE6B00C9B162 /* DeadlyDetroit */;
		};
/* End PBXFileSystemSynchronizedBuildFileExceptionSet section */

/* Begin PBXFileSystemSynchronizedRootGroup section */
		D64D0A2E2CC5DE6B00C9B162 /* DeadlyDetroit */ = {
			isa = PBXFileSystemSynchronizedRootGroup;
			exceptions = (
				D64D0A522CC5DE6C00C9B162 /* Exceptions for "DeadlyDetroit" folder in "DeadlyDetroit" target */,
			);
			path = DeadlyDetroit;
			sourceTree = "<group>";
		};
		D64D0A432CC5DE6C00C9B162 /* DeadlyDetroitTests */ = {
			isa = PBXFileSystemSynchronizedRootGroup;
			path = DeadlyDetroitTests;
			sourceTree = "<group>";
		};
		D64D0A4D2CC5DE6C00C9B162 /* DeadlyDetroitUITests */ = {
			isa = PBXFileSystemSynchronizedRootGroup;
			path = DeadlyDetroitUITests;
			sourceTree = "<group>";
		};
/* End PBXFileSystemSynchronizedRootGroup section */

/* Begin PBXFrameworksBuildPhase section */
		D64D0A292CC5DE6B00C9B162 /* Frameworks */ = {
			isa = PBXFrameworksBuildPhase;
			buildActionMask = 2147483647;
			files = (
			);
			runOnlyForDeploymentPostprocessing = 0;
		};
		D64D0A3D2CC5DE6C00C9B162 /* Frameworks */ = {
			isa = PBXFrameworksBuildPhase;
			buildActionMask = 2147483647;
			files = (
			);
			runOnlyForDeploymentPostprocessing = 0;
		};
		D64D0A472CC5DE6C00C9B162 /* Frameworks */ = {
			isa = PBXFrameworksBuildPhase;
			buildActionMask = 2147483647;
			files = (
			);
			runOnlyForDeploymentPostprocessing = 0;
		};
/* End PBXFrameworksBuildPhase section */

/* Begin PBXGroup section */
		D64D0A232CC5DE6B00C9B162 = {
			isa = PBXGroup;
			children = (
				D64D0A2E2CC5DE6B00C9B162 /* DeadlyDetroit */,
				D64D0A432CC5DE6C00C9B162 /* DeadlyDetroitTests */,
				D64D0A4D2CC5DE6C00C9B162 /* DeadlyDetroitUITests */,
				D64D0A2D2CC5DE6B00C9B162 /* Products */,
			);
			sourceTree = "<group>";
		};
		D64D0A2D2CC5DE6B00C9B162 /* Products */ = {
			isa = PBXGroup;
			children = (
				D64D0A2C2CC5DE6B00C9B162 /* DeadlyDetroit.app */,
				D64D0A402CC5DE6C00C9B162 /* DeadlyDetroitTests.xctest */,
				D64D0A4A2CC5DE6C00C9B162 /* DeadlyDetroitUITests.xctest */,
			);
			name = Products;
			sourceTree = "<group>";
		};
/* End PBXGroup section */

/* Begin PBXNativeTarget section */
		D64D0A2B2CC5DE6B00C9B162 /* DeadlyDetroit */ = {
			isa = PBXNativeTarget;
			buildConfigurationList = D64D0A532CC5DE6C00C9B162 /* Build configuration list for PBXNativeTarget "DeadlyDetroit" */;
			buildPhases = (
				D64D0A282CC5DE6B00C9B162 /* Sources */,
				D64D0A292CC5DE6B00C9B162 /* Frameworks */,
				D64D0A2A2CC5DE6B00C9B162 /* Resources */,
			);
			buildRules = (
			);
			dependencies = (
			);
			fileSystemSynchronizedGroups = (
				D64D0A2E2CC5DE6B00C9B162 /* DeadlyDetroit */,
			);
			name = DeadlyDetroit;
			packageProductDependencies = (
			);
			productName = DeadlyDetroit;
			productReference = D64D0A2C2CC5DE6B00C9B162 /* DeadlyDetroit.app */;
			productType = "com.apple.product-type.application";
		};
		D64D0A3F2CC5DE6C00C9B162 /* DeadlyDetroitTests */ = {
			isa = PBXNativeTarget;
			buildConfigurationList = D64D0A582CC5DE6C00C9B162 /* Build configuration list for PBXNativeTarget "DeadlyDetroitTests" */;
			buildPhases = (
				D64D0A3C2CC5DE6C00C9B162 /* Sources */,
				D64D0A3D2CC5DE6C00C9B162 /* Frameworks */,
				D64D0A3E2CC5DE6C00C9B162 /* Resources */,
			);
			buildRules = (
			);
			dependencies = (
				D64D0A422CC5DE6C00C9B162 /* PBXTargetDependency */,
			);
			fileSystemSynchronizedGroups = (
				D64D0A432CC5DE6C00C9B162 /* DeadlyDetroitTests */,
			);
			name = DeadlyDetroitTests;
			packageProductDependencies = (
			);
			productName = DeadlyDetroitTests;
			productReference = D64D0A402CC5DE6C00C9B162 /* DeadlyDetroitTests.xctest */;
			productType = "com.apple.product-type.bundle.unit-test";
		};
		D64D0A492CC5DE6C00C9B162 /* DeadlyDetroitUITests */ = {
			isa = PBXNativeTarget;
			buildConfigurationList = D64D0A5B2CC5DE6C00C9B162 /* Build configuration list for PBXNativeTarget "DeadlyDetroitUITests" */;
			buildPhases = (
				D64D0A462CC5DE6C00C9B162 /* Sources */,
				D64D0A472CC5DE6C00C9B162 /* Frameworks */,
				D64D0A482CC5DE6C00C9B162 /* Resources */,
			);
			buildRules = (
			);
			dependencies = (
				D64D0A4C2CC5DE6C00C9B162 /* PBXTargetDependency */,
			);
			fileSystemSynchronizedGroups = (
				D64D0A4D2CC5DE6C00C9B162 /* DeadlyDetroitUITests */,
			);
			name = DeadlyDetroitUITests;
			packageProductDependencies = (
			);
			productName = DeadlyDetroitUITests;
			productReference = D64D0A4A2CC5DE6C00C9B162 /* DeadlyDetroitUITests.xctest */;
			productType = "com.apple.product-type.bundle.ui-testing";
		};
/* End PBXNativeTarget section */

/* Begin PBXProject section */
		D64D0A242CC5DE6B00C9B162 /* Project object */ = {
			isa = PBXProject;
			attributes = {
				BuildIndependentTargetsInParallel = 1;
				LastSwiftUpdateCheck = 1600;
				LastUpgradeCheck = 1600;
				TargetAttributes = {
					D64D0A2B2CC5DE6B00C9B162 = {
						CreatedOnToolsVersion = 16.0;
					};
					D64D0A3F2CC5DE6C00C9B162 = {
						CreatedOnToolsVersion = 16.0;
						TestTargetID = D64D0A2B2CC5DE6B00C9B162;
					};
					D64D0A492CC5DE6C00C9B162 = {
						CreatedOnToolsVersion = 16.0;
						TestTargetID = D64D0A2B2CC5DE6B00C9B162;
					};
				};
			};
			buildConfigurationList = D64D0A272CC5DE6B00C9B162 /* Build configuration list for PBXProject "DeadlyDetroit" */;
			developmentRegion = en;
			hasScannedForEncodings = 0;
			knownRegions = (
				en,
				Base,
			);
			mainGroup = D64D0A232CC5DE6B00C9B162;
			minimizedProjectReferenceProxies = 1;
			preferredProjectObjectVersion = 77;
			productRefGroup = D64D0A2D2CC5DE6B00C9B162 /* Products */;
			projectDirPath = "";
			projectRoot = "";
			targets = (
				D64D0A2B2CC5DE6B00C9B162 /* DeadlyDetroit */,
				D64D0A3F2CC5DE6C00C9B162 /* DeadlyDetroitTests */,
				D64D0A492CC5DE6C00C9B162 /* DeadlyDetroitUITests */,
			);
		};
/* End PBXProject section */

/* Begin PBXResourcesBuildPhase section */
		D64D0A2A2CC5DE6B00C9B162 /* Resources */ = {
			isa = PBXResourcesBuildPhase;
			buildActionMask = 2147483647;
			files = (
			);
			runOnlyForDeploymentPostprocessing = 0;
		};
		D64D0A3E2CC5DE6C00C9B162 /* Resources */ = {
			isa = PBXResourcesBuildPhase;
			buildActionMask = 2147483647;
			files = (
			);
			runOnlyForDeploymentPostprocessing = 0;
		};
		D64D0A482CC5DE6C00C9B162 /* Resources */ = {
			isa = PBXResourcesBuildPhase;
			buildActionMask = 2147483647;
			files = (
			);
			runOnlyForDeploymentPostprocessing = 0;
		};
/* End PBXResourcesBuildPhase section */

/* Begin PBXSourcesBuildPhase section */
		D64D0A282CC5DE6B00C9B162 /* Sources */ = {
			isa = PBXSourcesBuildPhase;
			buildActionMask = 2147483647;
			files = (
			);
			runOnlyForDeploymentPostprocessing = 0;
		};
		D64D0A3C2CC5DE6C00C9B162 /* Sources */ = {
			isa = PBXSourcesBuildPhase;
			buildActionMask = 2147483647;
			files = (
			);
			runOnlyForDeploymentPostprocessing = 0;
		};
		D64D0A462CC5DE6C00C9B162 /* Sources */ = {
			isa = PBXSourcesBuildPhase;
			buildActionMask = 2147483647;
			files = (
			);
			runOnlyForDeploymentPostprocessing = 0;
		};
/* End PBXSourcesBuildPhase section */

/* Begin PBXTargetDependency section */
		D64D0A422CC5DE6C00C9B162 /* PBXTargetDependency */ = {
			isa = PBXTargetDependency;
			target = D64D0A2B2CC5DE6B00C9B162 /* DeadlyDetroit */;
			targetProxy = D64D0A412CC5DE6C00C9B162 /* PBXContainerItemProxy */;
		};
		D64D0A4C2CC5DE6C00C9B162 /* PBXTargetDependency */ = {
			isa = PBXTargetDependency;
			target = D64D0A2B2CC5DE6B00C9B162 /* DeadlyDetroit */;
			targetProxy = D64D0A4B2CC5DE6C00C9B162 /* PBXContainerItemProxy */;
		};
/* End PBXTargetDependency section */

/* Begin XCBuildConfiguration section */
		D64D0A542CC5DE6C00C9B162 /* Debug */ = {
			isa = XCBuildConfiguration;
			buildSettings = {
				ASSETCATALOG_COMPILER_APPICON_NAME = AppIcon;
				ASSETCATALOG_COMPILER_GLOBAL_ACCENT_COLOR_NAME = AccentColor;
				CODE_SIGN_ENTITLEMENTS = DeadlyDetroit/DeadlyDetroit.entitlements;
				CODE_SIGN_STYLE = Automatic;
				CURRENT_PROJECT_VERSION = 1;
				DEVELOPMENT_ASSET_PATHS = "\"DeadlyDetroit/Preview Content\"";
				DEVELOPMENT_TEAM = 588PCRUA35;
				ENABLE_HARDENED_RUNTIME = YES;
				ENABLE_PREVIEWS = YES;
				GENERATE_INFOPLIST_FILE = YES;
				INFOPLIST_FILE = DeadlyDetroit/Info.plist;
				"INFOPLIST_KEY_UIApplicationSceneManifest_Generation[sdk=iphoneos*]" = YES;
				"INFOPLIST_KEY_UIApplicationSceneManifest_Generation[sdk=iphonesimulator*]" = YES;
				"INFOPLIST_KEY_UIApplicationSupportsIndirectInputEvents[sdk=iphoneos*]" = YES;
				"INFOPLIST_KEY_UIApplicationSupportsIndirectInputEvents[sdk=iphonesimulator*]" = YES;
				"INFOPLIST_KEY_UILaunchScreen_Generation[sdk=iphoneos*]" = YES;
				"INFOPLIST_KEY_UILaunchScreen_Generation[sdk=iphonesimulator*]" = YES;
				"INFOPLIST_KEY_UIStatusBarStyle[sdk=iphoneos*]" = UIStatusBarStyleDefault;
				"INFOPLIST_KEY_UIStatusBarStyle[sdk=iphonesimulator*]" = UIStatusBarStyleDefault;
				INFOPLIST_KEY_UISupportedInterfaceOrientations_iPad = "UIInterfaceOrientationPortrait UIInterfaceOrientationPortraitUpsideDown UIInterfaceOrientationLandscapeLeft UIInterfaceOrientationLandscapeRight";
				INFOPLIST_KEY_UISupportedInterfaceOrientations_iPhone = "UIInterfaceOrientationPortrait UIInterfaceOrientationLandscapeLeft UIInterfaceOrientationLandscapeRight";
				IPHONEOS_DEPLOYMENT_TARGET = 18.0;
				LD_RUNPATH_SEARCH_PATHS = "@executable_path/Frameworks";
				"LD_RUNPATH_SEARCH_PATHS[sdk=macosx*]" = "@executable_path/../Frameworks";
				MACOSX_DEPLOYMENT_TARGET = 14.0;
				MARKETING_VERSION = 1.0;
				PRODUCT_BUNDLE_IDENTIFIER = com.linwoodTechnologies.DeadlyDetroit;
				PRODUCT_NAME = "$(TARGET_NAME)";
				SDKROOT = auto;
				SUPPORTED_PLATFORMS = "iphoneos iphonesimulator macosx xros xrsimulator";
				SWIFT_EMIT_LOC_STRINGS = YES;
				SWIFT_VERSION = 5.0;
				TARGETED_DEVICE_FAMILY = "1,2,7";
				XROS_DEPLOYMENT_TARGET = 2.0;
			};
			name = Debug;
		};
		D64D0A552CC5DE6C00C9B162 /* Release */ = {
			isa = XCBuildConfiguration;
			buildSettings = {
				ASSETCATALOG_COMPILER_APPICON_NAME = AppIcon;
				ASSETCATALOG_COMPILER_GLOBAL_ACCENT_COLOR_NAME = AccentColor;
				CODE_SIGN_ENTITLEMENTS = DeadlyDetroit/DeadlyDetroit.entitlements;
				CODE_SIGN_STYLE = Automatic;
				CURRENT_PROJECT_VERSION = 1;
				DEVELOPMENT_ASSET_PATHS = "\"DeadlyDetroit/Preview Content\"";
				DEVELOPMENT_TEAM = 588PCRUA35;
				ENABLE_HARDENED_RUNTIME = YES;
				ENABLE_PREVIEWS = YES;
				GENERATE_INFOPLIST_FILE = YES;
				INFOPLIST_FILE = DeadlyDetroit/Info.plist;
				"INFOPLIST_KEY_UIApplicationSceneManifest_Generation[sdk=iphoneos*]" = YES;
				"INFOPLIST_KEY_UIApplicationSceneManifest_Generation[sdk=iphonesimulator*]" = YES;
				"INFOPLIST_KEY_UIApplicationSupportsIndirectInputEvents[sdk=iphoneos*]" = YES;
				"INFOPLIST_KEY_UIApplicationSupportsIndirectInputEvents[sdk=iphonesimulator*]" = YES;
				"INFOPLIST_KEY_UILaunchScreen_Generation[sdk=iphoneos*]" = YES;
				"INFOPLIST_KEY_UILaunchScreen_Generation[sdk=iphonesimulator*]" = YES;
				"INFOPLIST_KEY_UIStatusBarStyle[sdk=iphoneos*]" = UIStatusBarStyleDefault;
				"INFOPLIST_KEY_UIStatusBarStyle[sdk=iphonesimulator*]" = UIStatusBarStyleDefault;
				INFOPLIST_KEY_UISupportedInterfaceOrientations_iPad = "UIInterfaceOrientationPortrait UIInterfaceOrientationPortraitUpsideDown UIInterfaceOrientationLandscapeLeft UIInterfaceOrientationLandscapeRight";
				INFOPLIST_KEY_UISupportedInterfaceOrientations_iPhone = "UIInterfaceOrientationPortrait UIInterfaceOrientationLandscapeLeft UIInterfaceOrientationLandscapeRight";
				IPHONEOS_DEPLOYMENT_TARGET = 18.0;
				LD_RUNPATH_SEARCH_PATHS = "@executable_path/Frameworks";
				"LD_RUNPATH_SEARCH_PATHS[sdk=macosx*]" = "@executable_path/../Frameworks";
				MACOSX_DEPLOYMENT_TARGET = 14.0;
				MARKETING_VERSION = 1.0;
				PRODUCT_BUNDLE_IDENTIFIER = com.linwoodTechnologies.DeadlyDetroit;
				PRODUCT_NAME = "$(TARGET_NAME)";
				SDKROOT = auto;
				SUPPORTED_PLATFORMS = "iphoneos iphonesimulator macosx xros xrsimulator";
				SWIFT_EMIT_LOC_STRINGS = YES;
				SWIFT_VERSION = 5.0;
				TARGETED_DEVICE_FAMILY = "1,2,7";
				XROS_DEPLOYMENT_TARGET = 2.0;
			};
			name = Release;
		};
		D64D0A562CC5DE6C00C9B162 /* Debug */ = {
			isa = XCBuildConfiguration;
			buildSettings = {
				ALWAYS_SEARCH_USER_PATHS = NO;
				ASSETCATALOG_COMPILER_GENERATE_SWIFT_ASSET_SYMBOL_EXTENSIONS = YES;
				CLANG_ANALYZER_NONNULL = YES;
				CLANG_ANALYZER_NUMBER_OBJECT_CONVERSION = YES_AGGRESSIVE;
				CLANG_CXX_LANGUAGE_STANDARD = "gnu++20";
				CLANG_ENABLE_MODULES = YES;
				CLANG_ENABLE_OBJC_ARC = YES;
				CLANG_ENABLE_OBJC_WEAK = YES;
				CLANG_WARN_BLOCK_CAPTURE_AUTORELEASING = YES;
				CLANG_WARN_BOOL_CONVERSION = YES;
				CLANG_WARN_COMMA = YES;
				CLANG_WARN_CONSTANT_CONVERSION = YES;
				CLANG_WARN_DEPRECATED_OBJC_IMPLEMENTATIONS = YES;
				CLANG_WARN_DIRECT_OBJC_ISA_USAGE = YES_ERROR;
				CLANG_WARN_DOCUMENTATION_COMMENTS = YES;
				CLANG_WARN_EMPTY_BODY = YES;
				CLANG_WARN_ENUM_CONVERSION = YES;
				CLANG_WARN_INFINITE_RECURSION = YES;
				CLANG_WARN_INT_CONVERSION = YES;
				CLANG_WARN_NON_LITERAL_NULL_CONVERSION = YES;
				CLANG_WARN_OBJC_IMPLICIT_RETAIN_SELF = YES;
				CLANG_WARN_OBJC_LITERAL_CONVERSION = YES;
				CLANG_WARN_OBJC_ROOT_CLASS = YES_ERROR;
				CLANG_WARN_QUOTED_INCLUDE_IN_FRAMEWORK_HEADER = YES;
				CLANG_WARN_RANGE_LOOP_ANALYSIS = YES;
				CLANG_WARN_STRICT_PROTOTYPES = YES;
				CLANG_WARN_SUSPICIOUS_MOVE = YES;
				CLANG_WARN_UNGUARDED_AVAILABILITY = YES_AGGRESSIVE;
				CLANG_WARN_UNREACHABLE_CODE = YES;
				CLANG_WARN__DUPLICATE_METHOD_MATCH = YES;
				COPY_PHASE_STRIP = NO;
				DEBUG_INFORMATION_FORMAT = dwarf;
				ENABLE_STRICT_OBJC_MSGSEND = YES;
				ENABLE_TESTABILITY = YES;
				ENABLE_USER_SCRIPT_SANDBOXING = YES;
				GCC_C_LANGUAGE_STANDARD = gnu17;
				GCC_DYNAMIC_NO_PIC = NO;
				GCC_NO_COMMON_BLOCKS = YES;
				GCC_OPTIMIZATION_LEVEL = 0;
				GCC_PREPROCESSOR_DEFINITIONS = (
					"DEBUG=1",
					"$(inherited)",
				);
				GCC_WARN_64_TO_32_BIT_CONVERSION = YES;
				GCC_WARN_ABOUT_RETURN_TYPE = YES_ERROR;
				GCC_WARN_UNDECLARED_SELECTOR = YES;
				GCC_WARN_UNINITIALIZED_AUTOS = YES_AGGRESSIVE;
				GCC_WARN_UNUSED_FUNCTION = YES;
				GCC_WARN_UNUSED_VARIABLE = YES;
				LOCALIZATION_PREFERS_STRING_CATALOGS = YES;
				MTL_ENABLE_DEBUG_INFO = INCLUDE_SOURCE;
				MTL_FAST_MATH = YES;
				ONLY_ACTIVE_ARCH = YES;
				SWIFT_ACTIVE_COMPILATION_CONDITIONS = "DEBUG $(inherited)";
				SWIFT_OPTIMIZATION_LEVEL = "-Onone";
			};
			name = Debug;
		};
		D64D0A572CC5DE6C00C9B162 /* Release */ = {
			isa = XCBuildConfiguration;
			buildSettings = {
				ALWAYS_SEARCH_USER_PATHS = NO;
				ASSETCATALOG_COMPILER_GENERATE_SWIFT_ASSET_SYMBOL_EXTENSIONS = YES;
				CLANG_ANALYZER_NONNULL = YES;
				CLANG_ANALYZER_NUMBER_OBJECT_CONVERSION = YES_AGGRESSIVE;
				CLANG_CXX_LANGUAGE_STANDARD = "gnu++20";
				CLANG_ENABLE_MODULES = YES;
				CLANG_ENABLE_OBJC_ARC = YES;
				CLANG_ENABLE_OBJC_WEAK = YES;
				CLANG_WARN_BLOCK_CAPTURE_AUTORELEASING = YES;
				CLANG_WARN_BOOL_CONVERSION = YES;
				CLANG_WARN_COMMA = YES;
				CLANG_WARN_CONSTANT_CONVERSION = YES;
				CLANG_WARN_DEPRECATED_OBJC_IMPLEMENTATIONS = YES;
				CLANG_WARN_DIRECT_OBJC_ISA_USAGE = YES_ERROR;
				CLANG_WARN_DOCUMENTATION_COMMENTS = YES;
				CLANG_WARN_EMPTY_BODY = YES;
				CLANG_WARN_ENUM_CONVERSION = YES;
				CLANG_WARN_INFINITE_RECURSION = YES;
				CLANG_WARN_INT_CONVERSION = YES;
				CLANG_WARN_NON_LITERAL_NULL_CONVERSION = YES;
				CLANG_WARN_OBJC_IMPLICIT_RETAIN_SELF = YES;
				CLANG_WARN_OBJC_LITERAL_CONVERSION = YES;
				CLANG_WARN_OBJC_ROOT_CLASS = YES_ERROR;
				CLANG_WARN_QUOTED_INCLUDE_IN_FRAMEWORK_HEADER = YES;
				CLANG_WARN_RANGE_LOOP_ANALYSIS = YES;
				CLANG_WARN_STRICT_PROTOTYPES = YES;
				CLANG_WARN_SUSPICIOUS_MOVE = YES;
				CLANG_WARN_UNGUARDED_AVAILABILITY = YES_AGGRESSIVE;
				CLANG_WARN_UNREACHABLE_CODE = YES;
				CLANG_WARN__DUPLICATE_METHOD_MATCH = YES;
				COPY_PHASE_STRIP = NO;
				DEBUG_INFORMATION_FORMAT = "dwarf-with-dsym";
				ENABLE_NS_ASSERTIONS = NO;
				ENABLE_STRICT_OBJC_MSGSEND = YES;
				ENABLE_USER_SCRIPT_SANDBOXING = YES;
				GCC_C_LANGUAGE_STANDARD = gnu17;
				GCC_NO_COMMON_BLOCKS = YES;
				GCC_WARN_64_TO_32_BIT_CONVERSION = YES;
				GCC_WARN_ABOUT_RETURN_TYPE = YES_ERROR;
				GCC_WARN_UNDECLARED_SELECTOR = YES;
				GCC_WARN_UNINITIALIZED_AUTOS = YES_AGGRESSIVE;
				GCC_WARN_UNUSED_FUNCTION = YES;
				GCC_WARN_UNUSED_VARIABLE = YES;
				LOCALIZATION_PREFERS_STRING_CATALOGS = YES;
				MTL_ENABLE_DEBUG_INFO = NO;
				MTL_FAST_MATH = YES;
				SWIFT_COMPILATION_MODE = wholemodule;
			};
			name = Release;
		};
		D64D0A592CC5DE6C00C9B162 /* Debug */ = {
			isa = XCBuildConfiguration;
			buildSettings = {
				BUNDLE_LOADER = "$(TEST_HOST)";
				CODE_SIGN_STYLE = Automatic;
				CURRENT_PROJECT_VERSION = 1;
				DEVELOPMENT_TEAM = 588PCRUA35;
				GENERATE_INFOPLIST_FILE = YES;
				IPHONEOS_DEPLOYMENT_TARGET = 18.0;
				MACOSX_DEPLOYMENT_TARGET = 14.7;
				MARKETING_VERSION = 1.0;
				PRODUCT_BUNDLE_IDENTIFIER = com.linwoodTechnologies.DeadlyDetroitTests;
				PRODUCT_NAME = "$(TARGET_NAME)";
				SDKROOT = auto;
				SUPPORTED_PLATFORMS = "iphoneos iphonesimulator macosx xros xrsimulator";
				SWIFT_EMIT_LOC_STRINGS = NO;
				SWIFT_VERSION = 5.0;
				TARGETED_DEVICE_FAMILY = "1,2,7";
				TEST_HOST = "$(BUILT_PRODUCTS_DIR)/DeadlyDetroit.app/$(BUNDLE_EXECUTABLE_FOLDER_PATH)/DeadlyDetroit";
				XROS_DEPLOYMENT_TARGET = 2.0;
			};
			name = Debug;
		};
		D64D0A5A2CC5DE6C00C9B162 /* Release */ = {
			isa = XCBuildConfiguration;
			buildSettings = {
				BUNDLE_LOADER = "$(TEST_HOST)";
				CODE_SIGN_STYLE = Automatic;
				CURRENT_PROJECT_VERSION = 1;
				DEVELOPMENT_TEAM = 588PCRUA35;
				GENERATE_INFOPLIST_FILE = YES;
				IPHONEOS_DEPLOYMENT_TARGET = 18.0;
				MACOSX_DEPLOYMENT_TARGET = 14.7;
				MARKETING_VERSION = 1.0;
				PRODUCT_BUNDLE_IDENTIFIER = com.linwoodTechnologies.DeadlyDetroitTests;
				PRODUCT_NAME = "$(TARGET_NAME)";
				SDKROOT = auto;
				SUPPORTED_PLATFORMS = "iphoneos iphonesimulator macosx xros xrsimulator";
				SWIFT_EMIT_LOC_STRINGS = NO;
				SWIFT_VERSION = 5.0;
				TARGETED_DEVICE_FAMILY = "1,2,7";
				TEST_HOST = "$(BUILT_PRODUCTS_DIR)/DeadlyDetroit.app/$(BUNDLE_EXECUTABLE_FOLDER_PATH)/DeadlyDetroit";
				XROS_DEPLOYMENT_TARGET = 2.0;
			};
			name = Release;
		};
		D64D0A5C2CC5DE6C00C9B162 /* Debug */ = {
			isa = XCBuildConfiguration;
			buildSettings = {
				CODE_SIGN_STYLE = Automatic;
				CURRENT_PROJECT_VERSION = 1;
				DEVELOPMENT_TEAM = 588PCRUA35;
				GENERATE_INFOPLIST_FILE = YES;
				IPHONEOS_DEPLOYMENT_TARGET = 18.0;
				MACOSX_DEPLOYMENT_TARGET = 14.7;
				MARKETING_VERSION = 1.0;
				PRODUCT_BUNDLE_IDENTIFIER = com.linwoodTechnologies.DeadlyDetroitUITests;
				PRODUCT_NAME = "$(TARGET_NAME)";
				SDKROOT = auto;
				SUPPORTED_PLATFORMS = "iphoneos iphonesimulator macosx xros xrsimulator";
				SWIFT_EMIT_LOC_STRINGS = NO;
				SWIFT_VERSION = 5.0;
				TARGETED_DEVICE_FAMILY = "1,2,7";
				TEST_TARGET_NAME = DeadlyDetroit;
				XROS_DEPLOYMENT_TARGET = 2.0;
			};
			name = Debug;
		};
		D64D0A5D2CC5DE6C00C9B162 /* Release */ = {
			isa = XCBuildConfiguration;
			buildSettings = {
				CODE_SIGN_STYLE = Automatic;
				CURRENT_PROJECT_VERSION = 1;
				DEVELOPMENT_TEAM = 588PCRUA35;
				GENERATE_INFOPLIST_FILE = YES;
				IPHONEOS_DEPLOYMENT_TARGET = 18.0;
				MACOSX_DEPLOYMENT_TARGET = 14.7;
				MARKETING_VERSION = 1.0;
				PRODUCT_BUNDLE_IDENTIFIER = com.linwoodTechnologies.DeadlyDetroitUITests;
				PRODUCT_NAME = "$(TARGET_NAME)";
				SDKROOT = auto;
				SUPPORTED_PLATFORMS = "iphoneos iphonesimulator macosx xros xrsimulator";
				SWIFT_EMIT_LOC_STRINGS = NO;
				SWIFT_VERSION = 5.0;
				TARGETED_DEVICE_FAMILY = "1,2,7";
				TEST_TARGET_NAME = DeadlyDetroit;
				XROS_DEPLOYMENT_TARGET = 2.0;
			};
			name = Release;
		};
/* End XCBuildConfiguration section */

/* Begin XCConfigurationList section */
		D64D0A272CC5DE6B00C9B162 /* Build configuration list for PBXProject "DeadlyDetroit" */ = {
			isa = XCConfigurationList;
			buildConfigurations = (
				D64D0A562CC5DE6C00C9B162 /* Debug */,
				D64D0A572CC5DE6C00C9B162 /* Release */,
			);
			defaultConfigurationIsVisible = 0;
			defaultConfigurationName = Release;
		};
		D64D0A532CC5DE6C00C9B162 /* Build configuration list for PBXNativeTarget "DeadlyDetroit" */ = {
			isa = XCConfigurationList;
			buildConfigurations = (
				D64D0A542CC5DE6C00C9B162 /* Debug */,
				D64D0A552CC5DE6C00C9B162 /* Release */,
			);
			defaultConfigurationIsVisible = 0;
			defaultConfigurationName = Release;
		};
		D64D0A582CC5DE6C00C9B162 /* Build configuration list for PBXNativeTarget "DeadlyDetroitTests" */ = {
			isa = XCConfigurationList;
			buildConfigurations = (
				D64D0A592CC5DE6C00C9B162 /* Debug */,
				D64D0A5A2CC5DE6C00C9B162 /* Release */,
			);
			defaultConfigurationIsVisible = 0;
			defaultConfigurationName = Release;
		};
		D64D0A5B2CC5DE6C00C9B162 /* Build configuration list for PBXNativeTarget "DeadlyDetroitUITests" */ = {
			isa = XCConfigurationList;
			buildConfigurations = (
				D64D0A5C2CC5DE6C00C9B162 /* Debug */,
				D64D0A5D2CC5DE6C00C9B162 /* Release */,
			);
			defaultConfigurationIsVisible = 0;
			defaultConfigurationName = Release;
		};
/* End XCConfigurationList section */
	};
	rootObject = D64D0A242CC5DE6B00C9B162 /* Project object */;
}
